
Microsoft Visual Studio Solution File, Format Version 12.00
# Visual Studio Version 16
VisualStudioVersion = 16.0.29020.237
MinimumVisualStudioVersion = 10.0.40219.1
Project("{8BC9CEB8-8B4A-11D0-8D11-00A0C91BC942}") = "DSVector", "DSVector\DSVector.vcxproj", "{8A17CBB7-9D71-44A7-8560-2253AAFF1470}"
EndProject
Project("{8BC9CEB8-8B4A-11D0-8D11-00A0C91BC942}") = "DSVector_Test", "DSVector_Test\DSVector_Test.vcxproj", "{5731D570-3F29-43DC-978D-E26C52670D3A}"
EndProject
Project("{8BC9CEB8-8B4A-11D0-8D11-00A0C91BC942}") = "DSList", "DSList\DSList.vcxproj", "{99C364D2-5AFA-4BDB-9D16-E39F3AD2CF43}"
EndProject
Project("{8BC9CEB8-8B4A-11D0-8D11-00A0C91BC942}") = "DSList_Test", "DSList_Test\DSList_Test.vcxproj", "{FD72E7AE-6C2F-4A82-A5A6-9BFA7F773459}"
EndProject
Project("{8BC9CEB8-8B4A-11D0-8D11-00A0C91BC942}") = "LinkedStack", "LinkedStack\LinkedStack.vcxproj", "{5EADDD86-2DC1-43E5-A413-76F81AFBC993}"
EndProject
Project("{8BC9CEB8-8B4A-11D0-8D11-00A0C91BC942}") = "ArrayStack", "ArrayStack\ArrayStack.vcxproj", "{B8AF4F05-B018-4232-B247-86AD883E6220}"
EndProject
Project("{8BC9CEB8-8B4A-11D0-8D11-00A0C91BC942}") = "ArrayStack_Test", "ArrayStack_Test\ArrayStack_Test.vcxproj", "{12951CE8-F8B3-46AB-BA06-ADCE37741BC6}"
EndProject
Project("{8BC9CEB8-8B4A-11D0-8D11-00A0C91BC942}") = "LinkedStack_Test", "LinkedStack_Test\LinkedStack_Test.vcxproj", "{2DFB8CD2-DDA7-4469-BCC5-A92B9C48E51D}"
EndProject
Project("{8BC9CEB8-8B4A-11D0-8D11-00A0C91BC942}") = "BalancingSymbols", "BalancingSymbols\BalancingSymbols.vcxproj", "{3E06E86C-BE2D-4C54-9249-300367E2C605}"
EndProject
Project("{8BC9CEB8-8B4A-11D0-8D11-00A0C91BC942}") = "ArithMath", "ArithMath\ArithMath.vcxproj", "{1100E3D1-AF8E-468F-854A-3549206EA748}"
EndProject
Global
	GlobalSection(SolutionConfigurationPlatforms) = preSolution
		Debug|x64 = Debug|x64
		Debug|x86 = Debug|x86
		Release|x64 = Release|x64
		Release|x86 = Release|x86
	EndGlobalSection
	GlobalSection(ProjectConfigurationPlatforms) = postSolution
		{8A17CBB7-9D71-44A7-8560-2253AAFF1470}.Debug|x64.ActiveCfg = Debug|x64
		{8A17CBB7-9D71-44A7-8560-2253AAFF1470}.Debug|x64.Build.0 = Debug|x64
		{8A17CBB7-9D71-44A7-8560-2253AAFF1470}.Debug|x86.ActiveCfg = Debug|Win32
		{8A17CBB7-9D71-44A7-8560-2253AAFF1470}.Debug|x86.Build.0 = Debug|Win32
		{8A17CBB7-9D71-44A7-8560-2253AAFF1470}.Release|x64.ActiveCfg = Release|x64
		{8A17CBB7-9D71-44A7-8560-2253AAFF1470}.Release|x64.Build.0 = Release|x64
		{8A17CBB7-9D71-44A7-8560-2253AAFF1470}.Release|x86.ActiveCfg = Release|Win32
		{8A17CBB7-9D71-44A7-8560-2253AAFF1470}.Release|x86.Build.0 = Release|Win32
		{5731D570-3F29-43DC-978D-E26C52670D3A}.Debug|x64.ActiveCfg = Debug|x64
		{5731D570-3F29-43DC-978D-E26C52670D3A}.Debug|x64.Build.0 = Debug|x64
		{5731D570-3F29-43DC-978D-E26C52670D3A}.Debug|x86.ActiveCfg = Debug|Win32
		{5731D570-3F29-43DC-978D-E26C52670D3A}.Debug|x86.Build.0 = Debug|Win32
		{5731D570-3F29-43DC-978D-E26C52670D3A}.Release|x64.ActiveCfg = Release|x64
		{5731D570-3F29-43DC-978D-E26C52670D3A}.Release|x64.Build.0 = Release|x64
		{5731D570-3F29-43DC-978D-E26C52670D3A}.Release|x86.ActiveCfg = Release|Win32
		{5731D570-3F29-43DC-978D-E26C52670D3A}.Release|x86.Build.0 = Release|Win32
		{99C364D2-5AFA-4BDB-9D16-E39F3AD2CF43}.Debug|x64.ActiveCfg = Debug|x64
		{99C364D2-5AFA-4BDB-9D16-E39F3AD2CF43}.Debug|x64.Build.0 = Debug|x64
		{99C364D2-5AFA-4BDB-9D16-E39F3AD2CF43}.Debug|x86.ActiveCfg = Debug|Win32
		{99C364D2-5AFA-4BDB-9D16-E39F3AD2CF43}.Debug|x86.Build.0 = Debug|Win32
		{99C364D2-5AFA-4BDB-9D16-E39F3AD2CF43}.Release|x64.ActiveCfg = Release|x64
		{99C364D2-5AFA-4BDB-9D16-E39F3AD2CF43}.Release|x64.Build.0 = Release|x64
		{99C364D2-5AFA-4BDB-9D16-E39F3AD2CF43}.Release|x86.ActiveCfg = Release|Win32
		{99C364D2-5AFA-4BDB-9D16-E39F3AD2CF43}.Release|x86.Build.0 = Release|Win32
		{FD72E7AE-6C2F-4A82-A5A6-9BFA7F773459}.Debug|x64.ActiveCfg = Debug|x64
		{FD72E7AE-6C2F-4A82-A5A6-9BFA7F773459}.Debug|x64.Build.0 = Debug|x64
		{FD72E7AE-6C2F-4A82-A5A6-9BFA7F773459}.Debug|x86.ActiveCfg = Debug|Win32
		{FD72E7AE-6C2F-4A82-A5A6-9BFA7F773459}.Debug|x86.Build.0 = Debug|Win32
		{FD72E7AE-6C2F-4A82-A5A6-9BFA7F773459}.Release|x64.ActiveCfg = Release|x64
		{FD72E7AE-6C2F-4A82-A5A6-9BFA7F773459}.Release|x64.Build.0 = Release|x64
		{FD72E7AE-6C2F-4A82-A5A6-9BFA7F773459}.Release|x86.ActiveCfg = Release|Win32
		{FD72E7AE-6C2F-4A82-A5A6-9BFA7F773459}.Release|x86.Build.0 = Release|Win32
		{5EADDD86-2DC1-43E5-A413-76F81AFBC993}.Debug|x64.ActiveCfg = Debug|x64
		{5EADDD86-2DC1-43E5-A413-76F81AFBC993}.Debug|x64.Build.0 = Debug|x64
		{5EADDD86-2DC1-43E5-A413-76F81AFBC993}.Debug|x86.ActiveCfg = Debug|Win32
		{5EADDD86-2DC1-43E5-A413-76F81AFBC993}.Debug|x86.Build.0 = Debug|Win32
		{5EADDD86-2DC1-43E5-A413-76F81AFBC993}.Release|x64.ActiveCfg = Release|x64
		{5EADDD86-2DC1-43E5-A413-76F81AFBC993}.Release|x64.Build.0 = Release|x64
		{5EADDD86-2DC1-43E5-A413-76F81AFBC993}.Release|x86.ActiveCfg = Release|Win32
		{5EADDD86-2DC1-43E5-A413-76F81AFBC993}.Release|x86.Build.0 = Release|Win32
		{B8AF4F05-B018-4232-B247-86AD883E6220}.Debug|x64.ActiveCfg = Debug|x64
		{B8AF4F05-B018-4232-B247-86AD883E6220}.Debug|x64.Build.0 = Debug|x64
		{B8AF4F05-B018-4232-B247-86AD883E6220}.Debug|x86.ActiveCfg = Debug|Win32
		{B8AF4F05-B018-4232-B247-86AD883E6220}.Debug|x86.Build.0 = Debug|Win32
		{B8AF4F05-B018-4232-B247-86AD883E6220}.Release|x64.ActiveCfg = Release|x64
		{B8AF4F05-B018-4232-B247-86AD883E6220}.Release|x64.Build.0 = Release|x64
		{B8AF4F05-B018-4232-B247-86AD883E6220}.Release|x86.ActiveCfg = Release|Win32
		{B8AF4F05-B018-4232-B247-86AD883E6220}.Release|x86.Build.0 = Release|Win32
		{12951CE8-F8B3-46AB-BA06-ADCE37741BC6}.Debug|x64.ActiveCfg = Debug|x64
		{12951CE8-F8B3-46AB-BA06-ADCE37741BC6}.Debug|x64.Build.0 = Debug|x64
		{12951CE8-F8B3-46AB-BA06-ADCE37741BC6}.Debug|x86.ActiveCfg = Debug|Win32
		{12951CE8-F8B3-46AB-BA06-ADCE37741BC6}.Debug|x86.Build.0 = Debug|Win32
		{12951CE8-F8B3-46AB-BA06-ADCE37741BC6}.Release|x64.ActiveCfg = Release|x64
		{12951CE8-F8B3-46AB-BA06-ADCE37741BC6}.Release|x64.Build.0 = Release|x64
		{12951CE8-F8B3-46AB-BA06-ADCE37741BC6}.Release|x86.ActiveCfg = Release|Win32
		{12951CE8-F8B3-46AB-BA06-ADCE37741BC6}.Release|x86.Build.0 = Release|Win32
		{2DFB8CD2-DDA7-4469-BCC5-A92B9C48E51D}.Debug|x64.ActiveCfg = Debug|x64
		{2DFB8CD2-DDA7-4469-BCC5-A92B9C48E51D}.Debug|x64.Build.0 = Debug|x64
		{2DFB8CD2-DDA7-4469-BCC5-A92B9C48E51D}.Debug|x86.ActiveCfg = Debug|Win32
		{2DFB8CD2-DDA7-4469-BCC5-A92B9C48E51D}.Debug|x86.Build.0 = Debug|Win32
		{2DFB8CD2-DDA7-4469-BCC5-A92B9C48E51D}.Release|x64.ActiveCfg = Release|x64
		{2DFB8CD2-DDA7-4469-BCC5-A92B9C48E51D}.Release|x64.Build.0 = Release|x64
		{2DFB8CD2-DDA7-4469-BCC5-A92B9C48E51D}.Release|x86.ActiveCfg = Release|Win32
		{2DFB8CD2-DDA7-4469-BCC5-A92B9C48E51D}.Release|x86.Build.0 = Release|Win32
		{3E06E86C-BE2D-4C54-9249-300367E2C605}.Debug|x64.ActiveCfg = Debug|x64
		{3E06E86C-BE2D-4C54-9249-300367E2C605}.Debug|x64.Build.0 = Debug|x64
		{3E06E86C-BE2D-4C54-9249-300367E2C605}.Debug|x86.ActiveCfg = Debug|Win32
		{3E06E86C-BE2D-4C54-9249-300367E2C605}.Debug|x86.Build.0 = Debug|Win32
		{3E06E86C-BE2D-4C54-9249-300367E2C605}.Release|x64.ActiveCfg = Release|x64
		{3E06E86C-BE2D-4C54-9249-300367E2C605}.Release|x64.Build.0 = Release|x64
		{3E06E86C-BE2D-4C54-9249-300367E2C605}.Release|x86.ActiveCfg = Release|Win32
		{3E06E86C-BE2D-4C54-9249-300367E2C605}.Release|x86.Build.0 = Release|Win32
		{1100E3D1-AF8E-468F-854A-3549206EA748}.Debug|x64.ActiveCfg = Debug|x64
		{1100E3D1-AF8E-468F-854A-3549206EA748}.Debug|x64.Build.0 = Debug|x64
		{1100E3D1-AF8E-468F-854A-3549206EA748}.Debug|x86.ActiveCfg = Debug|Win32
		{1100E3D1-AF8E-468F-854A-3549206EA748}.Debug|x86.Build.0 = Debug|Win32
		{1100E3D1-AF8E-468F-854A-3549206EA748}.Release|x64.ActiveCfg = Release|x64
		{1100E3D1-AF8E-468F-854A-3549206EA748}.Release|x64.Build.0 = Release|x64
		{1100E3D1-AF8E-468F-854A-3549206EA748}.Release|x86.ActiveCfg = Release|Win32
		{1100E3D1-AF8E-468F-854A-3549206EA748}.Release|x86.Build.0 = Release|Win32
	EndGlobalSection
	GlobalSection(SolutionProperties) = preSolution
		HideSolutionNode = FALSE
	EndGlobalSection
	GlobalSection(ExtensibilityGlobals) = postSolution
		SolutionGuid = {002BCD7C-F83D-403B-A54F-CA4EAC84FAFD}
	EndGlobalSection
EndGlobal
